// !$*UTF8*$!
{
	archiveVersion = 1;
	classes = {
	};
	objectVersion = 46;
	objects = {

/* Begin PBXBuildFile section */
		F3A25ABA1D7EE1A30051B468 /* main.m in Sources */ = {isa = PBXBuildFile; fileRef = F3A25AB91D7EE1A30051B468 /* main.m */; };
		F3A25ABD1D7EE1A30051B468 /* AppDelegate.m in Sources */ = {isa = PBXBuildFile; fileRef = F3A25ABC1D7EE1A30051B468 /* AppDelegate.m */; };
		F3A25AC01D7EE1A30051B468 /* ViewController.m in Sources */ = {isa = PBXBuildFile; fileRef = F3A25ABF1D7EE1A30051B468 /* ViewController.m */; };
		F3A25AC31D7EE1A30051B468 /* Main.storyboard in Resources */ = {isa = PBXBuildFile; fileRef = F3A25AC11D7EE1A30051B468 /* Main.storyboard */; };
		F3A25AC51D7EE1A30051B468 /* Assets.xcassets in Resources */ = {isa = PBXBuildFile; fileRef = F3A25AC41D7EE1A30051B468 /* Assets.xcassets */; };
		F3A25AC81D7EE1A30051B468 /* LaunchScreen.storyboard in Resources */ = {isa = PBXBuildFile; fileRef = F3A25AC61D7EE1A30051B468 /* LaunchScreen.storyboard */; };
		F3A25AD01D7EE3600051B468 /* MapKit.framework in Frameworks */ = {isa = PBXBuildFile; fileRef = F3A25ACF1D7EE3600051B468 /* MapKit.framework */; };
		F3A25AD21D7EE5530051B468 /* CoreLocation.framework in Frameworks */ = {isa = PBXBuildFile; fileRef = F3A25AD11D7EE5530051B468 /* CoreLocation.framework */; };
/* End PBXBuildFile section */

/* Begin PBXFileReference section */
		F3A25AB51D7EE1A30051B468 /* ATMap.app */ = {isa = PBXFileReference; explicitFileType = wrapper.application; includeInIndex = 0; path = ATMap.app; sourceTree = BUILT_PRODUCTS_DIR; };
		F3A25AB91D7EE1A30051B468 /* main.m */ = {isa = PBXFileReference; lastKnownFileType = sourcecode.c.objc; path = main.m; sourceTree = "<group>"; };
		F3A25ABB1D7EE1A30051B468 /* AppDelegate.h */ = {isa = PBXFileReference; lastKnownFileType = sourcecode.c.h; path = AppDelegate.h; sourceTree = "<group>"; };
		F3A25ABC1D7EE1A30051B468 /* AppDelegate.m */ = {isa = PBXFileReference; lastKnownFileType = sourcecode.c.objc; path = AppDelegate.m; sourceTree = "<group>"; };
		F3A25ABE1D7EE1A30051B468 /* ViewController.h */ = {isa = PBXFileReference; lastKnownFileType = sourcecode.c.h; path = ViewController.h; sourceTree = "<group>"; };
		F3A25ABF1D7EE1A30051B468 /* ViewController.m */ = {isa = PBXFileReference; lastKnownFileType = sourcecode.c.objc; path = ViewController.m; sourceTree = "<group>"; };
		F3A25AC21D7EE1A30051B468 /* Base */ = {isa = PBXFileReference; lastKnownFileType = file.storyboard; name = Base; path = Base.lproj/Main.storyboard; sourceTree = "<group>"; };
		F3A25AC41D7EE1A30051B468 /* Assets.xcassets */ = {isa = PBXFileReference; lastKnownFileType = folder.assetcatalog; path = Assets.xcassets; sourceTree = "<group>"; };
		F3A25AC71D7EE1A30051B468 /* Base */ = {isa = PBXFileReference; lastKnownFileType = file.storyboard; name = Base; path = Base.lproj/LaunchScreen.storyboard; sourceTree = "<group>"; };
		F3A25AC91D7EE1A30051B468 /* Info.plist */ = {isa = PBXFileReference; lastKnownFileType = text.plist.xml; path = Info.plist; sourceTree = "<group>"; };
		F3A25ACF1D7EE3600051B468 /* MapKit.framework */ = {isa = PBXFileReference; lastKnownFileType = wrapper.framework; name = MapKit.framework; path = System/Library/Frameworks/MapKit.framework; sourceTree = SDKROOT; };
		F3A25AD11D7EE5530051B468 /* CoreLocation.framework */ = {isa = PBXFileReference; lastKnownFileType = wrapper.framework; name = CoreLocation.framework; path = System/Library/Frameworks/CoreLocation.framework; sourceTree = SDKROOT; };
/* End PBXFileReference section */

/* Begin PBXFrameworksBuildPhase section */
		F3A25AB21D7EE1A20051B468 /* Frameworks */ = {
			isa = PBXFrameworksBuildPhase;
			buildActionMask = 2147483647;
			files = (
				F3A25AD21D7EE5530051B468 /* CoreLocation.framework in Frameworks */,
				F3A25AD01D7EE3600051B468 /* MapKit.framework in Frameworks */,
			);
			runOnlyForDeploymentPostprocessing = 0;
		};
/* End PBXFrameworksBuildPhase section */

/* Begin PBXGroup section */
		F3A25AAC1D7EE1A20051B468 = {
			isa = PBXGroup;
			children = (
				F3A25AD11D7EE5530051B468 /* CoreLocation.framework */,
				F3A25ACF1D7EE3600051B468 /* MapKit.framework */,
				F3A25AB71D7EE1A30051B468 /* ATMap */,
				F3A25AB61D7EE1A30051B468 /* Products */,
			);
			sourceTree = "<group>";
		};
		F3A25AB61D7EE1A30051B468 /* Products */ = {
			isa = PBXGroup;
			children = (
				F3A25AB51D7EE1A30051B468 /* ATMap.app */,
			);
			name = Products;
			sourceTree = "<group>";
		};
		F3A25AB71D7EE1A30051B468 /* ATMap */ = {
			isa = PBXGroup;
			children = (
				F3A25ABB1D7EE1A30051B468 /* AppDelegate.h */,
				F3A25ABC1D7EE1A30051B468 /* AppDelegate.m */,
				F3A25ABE1D7EE1A30051B468 /* ViewController.h */,
				F3A25ABF1D7EE1A30051B468 /* ViewController.m */,
				F3A25AC11D7EE1A30051B468 /* Main.storyboard */,
				F3A25AC41D7EE1A30051B468 /* Assets.xcassets */,
				F3A25AC61D7EE1A30051B468 /* LaunchScreen.storyboard */,
				F3A25AC91D7EE1A30051B468 /* Info.plist */,
				F3A25AB81D7EE1A30051B468 /* Supporting Files */,
			);
			path = ATMap;
			sourceTree = "<group>";
		};
		F3A25AB81D7EE1A30051B468 /* Supporting Files */ = {
			isa = PBXGroup;
			children = (
				F3A25AB91D7EE1A30051B468 /* main.m */,
			);
			name = "Supporting Files";
			sourceTree = "<group>";
		};
/* End PBXGroup section */

/* Begin PBXNativeTarget section */
		F3A25AB41D7EE1A20051B468 /* ATMap */ = {
			isa = PBXNativeTarget;
			buildConfigurationList = F3A25ACC1D7EE1A30051B468 /* Build configuration list for PBXNativeTarget "ATMap" */;
			buildPhases = (
				F3A25AB11D7EE1A20051B468 /* Sources */,
				F3A25AB21D7EE1A20051B468 /* Frameworks */,
				F3A25AB31D7EE1A20051B468 /* Resources */,
			);
			buildRules = (
			);
			dependencies = (
			);
			name = ATMap;
			productName = ATMap;
			productReference = F3A25AB51D7EE1A30051B468 /* ATMap.app */;
			productType = "com.apple.product-type.application";
		};
/* End PBXNativeTarget section */

/* Begin PBXProject section */
		F3A25AAD1D7EE1A20051B468 /* Project object */ = {
			isa = PBXProject;
			attributes = {
				LastUpgradeCheck = 0730;
				ORGANIZATIONNAME = "Aashish Tamsya";
				TargetAttributes = {
					F3A25AB41D7EE1A20051B468 = {
						CreatedOnToolsVersion = 7.3.1;
					};
				};
			};
			buildConfigurationList = F3A25AB01D7EE1A20051B468 /* Build configuration list for PBXProject "ATMap" */;
			compatibilityVersion = "Xcode 3.2";
			developmentRegion = English;
			hasScannedForEncodings = 0;
			knownRegions = (
				en,
				Base,
			);
			mainGroup = F3A25AAC1D7EE1A20051B468;
			productRefGroup = F3A25AB61D7EE1A30051B468 /* Products */;
			projectDirPath = "";
			projectRoot = "";
			targets = (
				F3A25AB41D7EE1A20051B468 /* ATMap */,
			);
		};
/* End PBXProject section */

/* Begin PBXResourcesBuildPhase section */
		F3A25AB31D7EE1A20051B468 /* Resources */ = {
			isa = PBXResourcesBuildPhase;
			buildActionMask = 2147483647;
			files = (
				F3A25AC81D7EE1A30051B468 /* LaunchScreen.storyboard in Resources */,
				F3A25AC51D7EE1A30051B468 /* Assets.xcassets in Resources */,
				F3A25AC31D7EE1A30051B468 /* Main.storyboard in Resources */,
			);
			runOnlyForDeploymentPostprocessing = 0;
		};
/* End PBXResourcesBuildPhase section */

/* Begin PBXSourcesBuildPhase section */
		F3A25AB11D7EE1A20051B468 /* Sources */ = {
			isa = PBXSourcesBuildPhase;
			buildActionMask = 2147483647;
			files = (
				F3A25AC01D7EE1A30051B468 /* ViewController.m in Sources */,
				F3A25ABD1D7EE1A30051B468 /* AppDelegate.m in Sources */,
				F3A25ABA1D7EE1A30051B468 /* main.m in Sources */,
			);
			runOnlyForDeploymentPostprocessing = 0;
		};
/* End PBXSourcesBuildPhase section */

/* Begin PBXVariantGroup section */
		F3A25AC11D7EE1A30051B468 /* Main.storyboard */ = {
			isa = PBXVariantGroup;
			children = (
				F3A25AC21D7EE1A30051B468 /* Base */,
			);
			name = Main.storyboard;
			sourceTree = "<group>";
		};
		F3A25AC61D7EE1A30051B468 /* LaunchScreen.storyboard */ = {
			isa = PBXVariantGroup;
			children = (
				F3A25AC71D7EE1A30051B468 /* Base */,
			);
			name = LaunchScreen.storyboard;
			sourceTree = "<group>";
		};
/* End PBXVariantGroup section */

/* Begin XCBuildConfiguration section */
		F3A25ACA1D7EE1A30051B468 /* Debug */ = {
			isa = XCBuildConfiguration;
			buildSettings = {
				ALWAYS_SEARCH_USER_PATHS = NO;
				CLANG_ANALYZER_NONNULL = YES;
				CLANG_CXX_LANGUAGE_STANDARD = "gnu++0x";
				CLANG_CXX_LIBRARY = "libc++";
				CLANG_ENABLE_MODULES = YES;
				CLANG_ENABLE_OBJC_ARC = YES;
				CLANG_WARN_BOOL_CONVERSION = YES;
				CLANG_WARN_CONSTANT_CONVERSION = YES;
				CLANG_WARN_DIRECT_OBJC_ISA_USAGE = YES_ERROR;
				CLANG_WARN_EMPTY_BODY = YES;
				CLANG_WARN_ENUM_CONVERSION = YES;
				CLANG_WARN_INT_CONVERSION = YES;
				CLANG_WARN_OBJC_ROOT_CLASS = YES_ERROR;
				CLANG_WARN_UNREACHABLE_CODE = YES;
				CLANG_WARN__DUPLICATE_METHOD_MATCH = YES;
				"CODE_SIGN_IDENTITY[sdk=iphoneos*]" = "iPhone Developer";
				COPY_PHASE_STRIP = NO;
				DEBUG_INFORMATION_FORMAT = dwarf;
				ENABLE_STRICT_OBJC_MSGSEND = YES;
				ENABLE_TESTABILITY = YES;
				GCC_C_LANGUAGE_STANDARD = gnu99;
				GCC_DYNAMIC_NO_PIC = NO;
				GCC_NO_COMMON_BLOCKS = YES;
				GCC_OPTIMIZATION_LEVEL = 0;
				GCC_PREPROCESSOR_DEFINITIONS = (
					"DEBUG=1",
					"$(inherited)",
				);
				GCC_WARN_64_TO_32_BIT_CONVERSION = YES;
				GCC_WARN_ABOUT_RETURN_TYPE = YES_ERROR;
				GCC_WARN_UNDECLARED_SELECTOR = YES;
				GCC_WARN_UNINITIALIZED_AUTOS = YES_AGGRESSIVE;
				GCC_WARN_UNUSED_FUNCTION = YES;
				GCC_WARN_UNUSED_VARIABLE = YES;
				IPHONEOS_DEPLOYMENT_TARGET = 9.3;
				MTL_ENABLE_DEBUG_INFO = YES;
				ONLY_ACTIVE_ARCH = YES;
				SDKROOT = iphoneos;
				TARGETED_DEVICE_FAMILY = "1,2";
			};
			name = Debug;
		};
		F3A25ACB1D7EE1A30051B468 /* Release */ = {
			isa = XCBuildConfiguration;
			buildSettings = {
				ALWAYS_SEARCH_USER_PATHS = NO;
				CLANG_ANALYZER_NONNULL = YES;
				CLANG_CXX_LANGUAGE_STANDARD = "gnu++0x";
				CLANG_CXX_LIBRARY = "libc++";
				CLANG_ENABLE_MODULES = YES;
				CLANG_ENABLE_OBJC_ARC = YES;
				CLANG_WARN_BOOL_CONVERSION = YES;
				CLANG_WARN_CONSTANT_CONVERSION = YES;
				CLANG_WARN_DIRECT_OBJC_ISA_USAGE = YES_ERROR;
				CLANG_WARN_EMPTY_BODY = YES;
				CLANG_WARN_ENUM_CONVERSION = YES;
				CLANG_WARN_INT_CONVERSION = YES;
				CLANG_WARN_OBJC_ROOT_CLASS = YES_ERROR;
				CLANG_WARN_UNREACHABLE_CODE = YES;
				CLANG_WARN__DUPLICATE_METHOD_MATCH = YES;
				"CODE_SIGN_IDENTITY[sdk=iphoneos*]" = "iPhone Developer";
				COPY_PHASE_STRIP = NO;
				DEBUG_INFORMATION_FORMAT = "dwarf-with-dsym";
				ENABLE_NS_ASSERTIONS = NO;
				ENABLE_STRICT_OBJC_MSGSEND = YES;
				GCC_C_LANGUAGE_STANDARD = gnu99;
				GCC_NO_COMMON_BLOCKS = YES;
				GCC_WARN_64_TO_32_BIT_CONVERSION = YES;
				GCC_WARN_ABOUT_RETURN_TYPE = YES_ERROR;
				GCC_WARN_UNDECLARED_SELECTOR = YES;
				GCC_WARN_UNINITIALIZED_AUTOS = YES_AGGRESSIVE;
				GCC_WARN_UNUSED_FUNCTION = YES;
				GCC_WARN_UNUSED_VARIABLE = YES;
				IPHONEOS_DEPLOYMENT_TARGET = 9.3;
				MTL_ENABLE_DEBUG_INFO = NO;
				SDKROOT = iphoneos;
				TARGETED_DEVICE_FAMILY = "1,2";
				VALIDATE_PRODUCT = YES;
			};
			name = Release;
		};
		F3A25ACD1D7EE1A30051B468 /* Debug */ = {
			isa = XCBuildConfiguration;
			buildSettings = {
				ASSETCATALOG_COMPILER_APPICON_NAME = AppIcon;
				INFOPLIST_FILE = ATMap/Info.plist;
				LD_RUNPATH_SEARCH_PATHS = "$(inherited) @executable_path/Frameworks";
				PRODUCT_BUNDLE_IDENTIFIER = com.aashishtamsya.ATMap;
				PRODUCT_NAME = "$(TARGET_NAME)";
			};
			name = Debug;
		};
		F3A25ACE1D7EE1A30051B468 /* Release */ = {
			isa = XCBuildConfiguration;
			buildSettings = {
				ASSETCATALOG_COMPILER_APPICON_NAME = AppIcon;
				INFOPLIST_FILE = ATMap/Info.plist;
				LD_RUNPATH_SEARCH_PATHS = "$(inherited) @executable_path/Frameworks";
				PRODUCT_BUNDLE_IDENTIFIER = com.aashishtamsya.ATMap;
				PRODUCT_NAME = "$(TARGET_NAME)";
			};
			name = Release;
		};
/* End XCBuildConfiguration section */

/* Begin XCConfigurationList section */
		F3A25AB01D7EE1A20051B468 /* Build configuration list for PBXProject "ATMap" */ = {
			isa = XCConfigurationList;
			buildConfigurations = (
				F3A25ACA1D7EE1A30051B468 /* Debug */,
				F3A25ACB1D7EE1A30051B468 /* Release */,
			);
			defaultConfigurationIsVisible = 0;
			defaultConfigurationName = Release;
		};
		F3A25ACC1D7EE1A30051B468 /* Build configuration list for PBXNativeTarget "ATMap" */ = {
			isa = XCConfigurationList;
			buildConfigurations = (
				F3A25ACD1D7EE1A30051B468 /* Debug */,
				F3A25ACE1D7EE1A30051B468 /* Release */,
			);
			defaultConfigurationIsVisible = 0;
		};
/* End XCConfigurationList section */
	};
	rootObject = F3A25AAD1D7EE1A20051B468 /* Project object */;
}
